{
  "nodes": {
    "flake-parts": {
      "inputs": {
        "nixpkgs-lib": "nixpkgs-lib"
      },
      "locked": {
        "lastModified": 1772408722,
        "narHash": "sha256-rHuJtdcOjK7rAHpHphUb1iCvgkU3GpfvicLMwwnfMT0=",
        "owner": "hercules-ci",
        "repo": "flake-parts",
        "rev": "f20dc5d9b8027381c474144ecabc9034d6a839a3",
        "type": "github"
      },
      "original": {
        "owner": "hercules-ci",
        "repo": "flake-parts",
        "type": "github"
      }
    },
    "home-manager": {
      "inputs": {
        "nixpkgs": [
          "nixpkgs"
        ]
      },
      "locked": {
        "lastModified": 1776904464,
        "narHash": "sha256-sBUCj7/4d3Hoevpu3oQp8ccJNA1EDeVmFi1F8O6VJro=",
        "owner": "nix-community",
        "repo": "home-manager",
        "rev": "667b3c47325441e6a444faaf405bba76ec70338a",
        "type": "github"
      },
      "original": {
        "owner": "nix-community",
        "repo": "home-manager",
        "type": "github"
      }
    },
    "nixpkgs": {
      "locked": {
        "lastModified": 1776548001,
        "narHash": "sha256-ZSK0NL4a1BwVbbTBoSnWgbJy9HeZFXLYQizjb2DPF24=",
        "owner": "nixos",
        "repo": "nixpkgs",
        "rev": "b12141ef619e0a9c1c84dc8c684040326f27cdcc",
        "type": "github"
      },
      "original": {
        "owner": "nixos",
        "ref": "nixos-unstable",
        "repo": "nixpkgs",
        "type": "github"
      }
    },
    "nixpkgs-lib": {
      "locked": {
        "lastModified": 1772328832,
        "narHash": "sha256-e+/T/pmEkLP6BHhYjx6GmwP5ivonQQn0bJdH9YrRB+Q=",
        "owner": "nix-community",
        "repo": "nixpkgs.lib",
        "rev": "c185c7a5e5dd8f9add5b2f8ebeff00888b070742",
        "type": "github"
      },
      "original": {
        "owner": "nix-community",
        "repo": "nixpkgs.lib",
        "type": "github"
      }
    },
    "nixpkgs_2": {
      "locked": {
        "lastModified": 1774709303,
        "narHash": "sha256-D3Q07BbIA2KnTcSXIqqu9P586uWxN74zNoCH3h2ESHg=",
        "owner": "NixOS",
        "repo": "nixpkgs",
        "rev": "8110df5ad7abf5d4c0f6fb0f8f978390e77f9685",
        "type": "github"
      },
      "original": {
        "owner": "NixOS",
        "ref": "nixos-unstable",
        "repo": "nixpkgs",
        "type": "github"
      }
    },
    "playit-agent-source": {
      "flake": false,
      "locked": {
        "lastModified": 1773789191,
        "narHash": "sha256-K30mDmm2txu/+jNfbFS3yXR5aiFe8eUEviuWony54N8=",
        "owner": "playit-cloud",
        "repo": "playit-agent",
        "rev": "75a00300c6a13f3149bef85bfccb22cf593dc3d4",
        "type": "github"
      },
      "original": {
        "owner": "playit-cloud",
        "repo": "playit-agent",
        "type": "github"
      }
    },
    "playit-nixos-module": {
      "inputs": {
        "flake-parts": "flake-parts",
        "nixpkgs": "nixpkgs_2",
        "playit-agent-source": "playit-agent-source",
        "systems": "systems"
      },
      "locked": {
        "lastModified": 1775053197,
        "narHash": "sha256-duBbblIt5jFTHJrIfPibtBduVRJlUa9srRVtQ2eXhII=",
        "owner": "pedorich-n",
        "repo": "playit-nixos-module",
        "rev": "ea019444cc00b2df52f82c33dc316fa1eb2561b0",
        "type": "github"
      },
      "original": {
        "owner": "pedorich-n",
        "repo": "playit-nixos-module",
        "type": "github"
      }
    },
    "root": {
      "inputs": {
        "home-manager": "home-manager",
        "nixpkgs": "nixpkgs",
        "playit-nixos-module": "playit-nixos-module",
        "zen-browser": "zen-browser"
      }
    },
    "systems": {
      "locked": {
        "lastModified": 1681028828,
        "narHash": "sha256-Vy1rq5AaRuLzOxct8nz4T6wlgyUR7zLU309k9mBC768=",
        "owner": "nix-systems",
        "repo": "default",
        "rev": "da67096a3b9bf56a91d16901293e51ba5b49a27e",
        "type": "github"
      },
      "original": {
        "owner": "nix-systems",
        "repo": "default",
        "type": "github"
      }
    },
    "zen-browser": {
      "inputs": {
        "nixpkgs": [
          "nixpkgs"
        ]
      },
      "locked": {
        "lastModified": 1775710180,
        "narHash": "sha256-sCokvdNvl8zIzsnjgG0TN5h3RUI7GJyWW9ErfmEj0rM=",
        "owner": "youwen5",
        "repo": "zen-browser-flake",
        "rev": "2c138beb648d1cbbfae76695a8230ee04e4db25a",
        "type": "github"
      },
      "original": {
        "owner": "youwen5",
        "repo": "zen-browser-flake",
        "type": "github"
      }
    }
  },
  "root": "root",
  "version": 7
}
